
Microsoft Visual Studio Solution File, Format Version 11.00
# Visual Studio 2010
Project("{8BC9CEB8-8B4A-11D0-8D11-00A0C91BC942}") = "raytracer", "raytracer.vcxproj", "{B9BEB3DA-B3DD-4925-8FDA-7D8B98027179}"
	ProjectSection(ProjectDependencies) = postProject
		{5BDB0D53-E480-4F29-BEF6-89435BE02AFC} = {5BDB0D53-E480-4F29-BEF6-89435BE02AFC}
	EndProjectSection
EndProject
Project("{8BC9CEB8-8B4A-11D0-8D11-00A0C91BC942}") = "Extern", "Extern\Extern.vcxproj", "{5BDB0D53-E480-4F29-BEF6-89435BE02AFC}"
EndProject
Global
	GlobalSection(SolutionConfigurationPlatforms) = preSolution
		Debug|Win32 = Debug|Win32
		Release|Win32 = Release|Win32
	EndGlobalSection
	GlobalSection(ProjectConfigurationPlatforms) = postSolution
		{B9BEB3DA-B3DD-4925-8FDA-7D8B98027179}.Debug|Win32.ActiveCfg = Debug|Win32
		{B9BEB3DA-B3DD-4925-8FDA-7D8B98027179}.Debug|Win32.Build.0 = Debug|Win32
		{B9BEB3DA-B3DD-4925-8FDA-7D8B98027179}.Release|Win32.ActiveCfg = Release|Win32
		{B9BEB3DA-B3DD-4925-8FDA-7D8B98027179}.Release|Win32.Build.0 = Release|Win32
		{5BDB0D53-E480-4F29-BEF6-89435BE02AFC}.Debug|Win32.ActiveCfg = Debug|Win32
		{5BDB0D53-E480-4F29-BEF6-89435BE02AFC}.Debug|Win32.Build.0 = Debug|Win32
		{5BDB0D53-E480-4F29-BEF6-89435BE02AFC}.Release|Win32.ActiveCfg = Release|Win32
		{5BDB0D53-E480-4F29-BEF6-89435BE02AFC}.Release|Win32.Build.0 = Release|Win32
	EndGlobalSection
	GlobalSection(SolutionProperties) = preSolution
		HideSolutionNode = FALSE
	EndGlobalSection
EndGlobal
